# This file is automatically @generated by Poetry and should not be changed by hand.

[[package]]
name = "attrs"
version = "22.1.0"
description = "Classes Without Boilerplate"
category = "dev"
optional = false
python-versions = ">=3.5"
files = [
    {file = "attrs-22.1.0-py2.py3-none-any.whl", hash = "sha256:86efa402f67bf2df34f51a335487cf46b1ec130d02b8d39fd248abfd30da551c"},
    {file = "attrs-22.1.0.tar.gz", hash = "sha256:29adc2665447e5191d0e7c568fde78b21f9672d344281d0c6e1ab085429b22b6"},
]

[package.extras]
dev = ["cloudpickle", "coverage[toml] (>=5.0.2)", "furo", "hypothesis", "mypy (>=0.900,!=0.940)", "pre-commit", "pympler", "pytest (>=4.3.0)", "pytest-mypy-plugins", "sphinx", "sphinx-notfound-page", "zope.interface"]
docs = ["furo", "sphinx", "sphinx-notfound-page", "zope.interface"]
tests = ["cloudpickle", "coverage[toml] (>=5.0.2)", "hypothesis", "mypy (>=0.900,!=0.940)", "pympler", "pytest (>=4.3.0)", "pytest-mypy-plugins", "zope.interface"]
tests-no-zope = ["cloudpickle", "coverage[toml] (>=5.0.2)", "hypothesis", "mypy (>=0.900,!=0.940)", "pympler", "pytest (>=4.3.0)", "pytest-mypy-plugins"]

[[package]]
name = "colorama"
version = "0.4.6"
description = "Cross-platform colored terminal text."
category = "dev"
optional = false
python-versions = "!=3.0.*,!=3.1.*,!=3.2.*,!=3.3.*,!=3.4.*,!=3.5.*,!=3.6.*,>=2.7"
files = [
    {file = "colorama-0.4.6-py2.py3-none-any.whl", hash = "sha256:4f1d9991f5acc0ca119f9d443620b77f9d6b33703e51011c16baf57afb285fc6"},
    {file = "colorama-0.4.6.tar.gz", hash = "sha256:08695f5cb7ed6e0531a20572697297273c47b8cae5a63ffc6d6ed5c201be6e44"},
]

[[package]]
name = "coverage"
version = "7.0.3"
description = "Code coverage measurement for Python"
category = "dev"
optional = false
python-versions = ">=3.7"
files = [
    {file = "coverage-7.0.3-cp310-cp310-macosx_10_9_x86_64.whl", hash = "sha256:2f7c51b6074a8a3063c341953dffe48fd6674f8e4b1d3c8aa8a91f58d6e716a8"},
    {file = "coverage-7.0.3-cp310-cp310-macosx_11_0_arm64.whl", hash = "sha256:628f47eaf66727fc986d3b190d6fa32f5e6b7754a243919d28bc0fd7974c449f"},
    {file = "coverage-7.0.3-cp310-cp310-manylinux_2_17_aarch64.manylinux2014_aarch64.whl", hash = "sha256:e89d5abf86c104de808108a25d171ad646c07eda96ca76c8b237b94b9c71e518"},
    {file = "coverage-7.0.3-cp310-cp310-manylinux_2_5_i686.manylinux1_i686.manylinux_2_17_i686.manylinux2014_i686.whl", hash = "sha256:75e43c6f4ea4d122dac389aabdf9d4f0e160770a75e63372f88005d90f5bcc80"},
    {file = "coverage-7.0.3-cp310-cp310-manylinux_2_5_x86_64.manylinux1_x86_64.manylinux_2_17_x86_64.manylinux2014_x86_64.whl", hash = "sha256:49da0ff241827ebb52d5d6d5a36d33b455fa5e721d44689c95df99fd8db82437"},
    {file = "coverage-7.0.3-cp310-cp310-musllinux_1_1_aarch64.whl", hash = "sha256:0bce4ad5bdd0b02e177a085d28d2cea5fc57bb4ba2cead395e763e34cf934eb1"},
    {file = "coverage-7.0.3-cp310-cp310-musllinux_1_1_i686.whl", hash = "sha256:f79691335257d60951638dd43576b9bcd6f52baa5c1c2cd07a509bb003238372"},
    {file = "coverage-7.0.3-cp310-cp310-musllinux_1_1_x86_64.whl", hash = "sha256:5722269ed05fbdb94eef431787c66b66260ff3125d1a9afcc00facff8c45adf9"},
    {file = "coverage-7.0.3-cp310-cp310-win32.whl", hash = "sha256:bdbda870e0fda7dd0fe7db7135ca226ec4c1ade8aa76e96614829b56ca491012"},
    {file = "coverage-7.0.3-cp310-cp310-win_amd64.whl", hash = "sha256:e56fae4292e216b8deeee38ace84557b9fa85b52db005368a275427cdabb8192"},
    {file = "coverage-7.0.3-cp311-cp311-macosx_10_9_x86_64.whl", hash = "sha256:b82343a5bc51627b9d606f0b6b6b9551db7b6311a5dd920fa52a94beae2e8959"},
    {file = "coverage-7.0.3-cp311-cp311-macosx_11_0_arm64.whl", hash = "sha256:fd0a8aa431f9b7ad9eb8264f55ef83cbb254962af3775092fb6e93890dea9ca2"},
    {file = "coverage-7.0.3-cp311-cp311-manylinux_2_17_aarch64.manylinux2014_aarch64.whl", hash = "sha256:112cfead1bd22eada8a8db9ed387bd3e8be5528debc42b5d3c1f7da4ffaf9fb5"},
    {file = "coverage-7.0.3-cp311-cp311-manylinux_2_5_i686.manylinux1_i686.manylinux_2_17_i686.manylinux2014_i686.whl", hash = "sha256:af87e906355fa42447be5c08c5d44e6e1c005bf142f303f726ddf5ed6e0c8a4d"},
    {file = "coverage-7.0.3-cp311-cp311-manylinux_2_5_x86_64.manylinux1_x86_64.manylinux_2_17_x86_64.manylinux2014_x86_64.whl", hash = "sha256:f30090e22a301952c5abd0e493a1c8358b4f0b368b49fa3e4568ed3ed68b8d1f"},
    {file = "coverage-7.0.3-cp311-cp311-musllinux_1_1_aarch64.whl", hash = "sha256:ae871d09901911eedda1981ea6fd0f62a999107293cdc4c4fd612321c5b34745"},
    {file = "coverage-7.0.3-cp311-cp311-musllinux_1_1_i686.whl", hash = "sha256:ed7c9debf7bfc63c9b9f8b595409237774ff4b061bf29fba6f53b287a2fdeab9"},
    {file = "coverage-7.0.3-cp311-cp311-musllinux_1_1_x86_64.whl", hash = "sha256:13121fa22dcd2c7b19c5161e3fd725692448f05377b788da4502a383573227b3"},
    {file = "coverage-7.0.3-cp311-cp311-win32.whl", hash = "sha256:037b51ee86bc600f99b3b957c20a172431c35c2ef9c1ca34bc813ab5b51fd9f5"},
    {file = "coverage-7.0.3-cp311-cp311-win_amd64.whl", hash = "sha256:25fde928306034e8deecd5fc91a07432dcc282c8acb76749581a28963c9f4f3f"},
    {file = "coverage-7.0.3-cp37-cp37m-macosx_10_9_x86_64.whl", hash = "sha256:7e8b0642c38b3d3b3c01417643ccc645345b03c32a2e84ef93cdd6844d6fe530"},
    {file = "coverage-7.0.3-cp37-cp37m-manylinux_2_17_aarch64.manylinux2014_aarch64.whl", hash = "sha256:18b09811f849cc958d23f733a350a66b54a8de3fed1e6128ba55a5c97ffb6f65"},
    {file = "coverage-7.0.3-cp37-cp37m-manylinux_2_5_i686.manylinux1_i686.manylinux_2_17_i686.manylinux2014_i686.whl", hash = "sha256:349d0b545520e8516f7b4f12373afc705d17d901e1de6a37a20e4ec9332b61f7"},
    {file = "coverage-7.0.3-cp37-cp37m-manylinux_2_5_x86_64.manylinux1_x86_64.manylinux_2_17_x86_64.manylinux2014_x86_64.whl", hash = "sha256:b5b38813eee5b4739f505d94247604c72eae626d5088a16dd77b08b8b1724ab3"},
    {file = "coverage-7.0.3-cp37-cp37m-musllinux_1_1_aarch64.whl", hash = "sha256:ba9af1218fa01b1f11c72271bc7290b701d11ad4dbc2ae97c445ecacf6858dba"},
    {file = "coverage-7.0.3-cp37-cp37m-musllinux_1_1_i686.whl", hash = "sha256:c5648c7eec5cf1ba5db1cf2d6c10036a582d7f09e172990474a122e30c841361"},
    {file = "coverage-7.0.3-cp37-cp37m-musllinux_1_1_x86_64.whl", hash = "sha256:d0df04495b76a885bfef009f45eebe8fe2fbf815ad7a83dabcf5aced62f33162"},
    {file = "coverage-7.0.3-cp37-cp37m-win32.whl", hash = "sha256:af6cef3796b8068713a48dd67d258dc9a6e2ebc3bd4645bfac03a09672fa5d20"},
    {file = "coverage-7.0.3-cp37-cp37m-win_amd64.whl", hash = "sha256:62ef3800c4058844e2e3fa35faa9dd0ccde8a8aba6c763aae50342e00d4479d4"},
    {file = "coverage-7.0.3-cp38-cp38-macosx_10_9_x86_64.whl", hash = "sha256:acef7f3a3825a2d218a03dd02f5f3cc7f27aa31d882dd780191d1ad101120d74"},
    {file = "coverage-7.0.3-cp38-cp38-macosx_11_0_arm64.whl", hash = "sha256:a530663a361eb27375cec28aea5cd282089b5e4b022ae451c4c3493b026a68a5"},
    {file = "coverage-7.0.3-cp38-cp38-manylinux_2_17_aarch64.manylinux2014_aarch64.whl", hash = "sha256:c58cd6bb46dcb922e0d5792850aab5964433d511b3a020867650f8d930dde4f4"},
    {file = "coverage-7.0.3-cp38-cp38-manylinux_2_5_i686.manylinux1_i686.manylinux_2_17_i686.manylinux2014_i686.whl", hash = "sha256:f918e9ef4c98f477a5458238dde2a1643aed956c7213873ab6b6b82e32b8ef61"},
    {file = "coverage-7.0.3-cp38-cp38-manylinux_2_5_x86_64.manylinux1_x86_64.manylinux_2_17_x86_64.manylinux2014_x86_64.whl", hash = "sha256:2b865aa679bee7fbd1c55960940dbd3252621dd81468268786c67122bbd15343"},
    {file = "coverage-7.0.3-cp38-cp38-musllinux_1_1_aarch64.whl", hash = "sha256:c5d9b480ebae60fc2cbc8d6865194136bc690538fa542ba58726433bed6e04cc"},
    {file = "coverage-7.0.3-cp38-cp38-musllinux_1_1_i686.whl", hash = "sha256:985ad2af5ec3dbb4fd75d5b0735752c527ad183455520055a08cf8d6794cabfc"},
    {file = "coverage-7.0.3-cp38-cp38-musllinux_1_1_x86_64.whl", hash = "sha256:ca15308ef722f120967af7474ba6a453e0f5b6f331251e20b8145497cf1bc14a"},
    {file = "coverage-7.0.3-cp38-cp38-win32.whl", hash = "sha256:c1cee10662c25c94415bbb987f2ec0e6ba9e8fce786334b10be7e6a7ab958f69"},
    {file = "coverage-7.0.3-cp38-cp38-win_amd64.whl", hash = "sha256:44d6a556de4418f1f3bfd57094b8c49f0408df5a433cf0d253eeb3075261c762"},
    {file = "coverage-7.0.3-cp39-cp39-macosx_10_9_x86_64.whl", hash = "sha256:e6dcc70a25cb95df0ae33dfc701de9b09c37f7dd9f00394d684a5b57257f8246"},
    {file = "coverage-7.0.3-cp39-cp39-macosx_11_0_arm64.whl", hash = "sha256:bf76d79dfaea802f0f28f50153ffbc1a74ae1ee73e480baeda410b4f3e7ab25f"},
    {file = "coverage-7.0.3-cp39-cp39-manylinux_2_17_aarch64.manylinux2014_aarch64.whl", hash = "sha256:88834e5d56d01c141c29deedacba5773fe0bed900b1edc957595a8a6c0da1c3c"},
    {file = "coverage-7.0.3-cp39-cp39-manylinux_2_5_i686.manylinux1_i686.manylinux_2_17_i686.manylinux2014_i686.whl", hash = "sha256:ef001a60e888f8741e42e5aa79ae55c91be73761e4df5e806efca1ddd62fd400"},
    {file = "coverage-7.0.3-cp39-cp39-manylinux_2_5_x86_64.manylinux1_x86_64.manylinux_2_17_x86_64.manylinux2014_x86_64.whl", hash = "sha256:4959dc506be74e4963bd2c42f7b87d8e4b289891201e19ec551e64c6aa5441f8"},
    {file = "coverage-7.0.3-cp39-cp39-musllinux_1_1_aarch64.whl", hash = "sha256:b791beb17b32ac019a78cfbe6184f992b6273fdca31145b928ad2099435e2fcb"},
    {file = "coverage-7.0.3-cp39-cp39-musllinux_1_1_i686.whl", hash = "sha256:b07651e3b9af8f1a092861d88b4c74d913634a7f1f2280fca0ad041ad84e9e96"},
    {file = "coverage-7.0.3-cp39-cp39-musllinux_1_1_x86_64.whl", hash = "sha256:55e46fa4168ccb7497c9be78627fcb147e06f474f846a10d55feeb5108a24ef0"},
    {file = "coverage-7.0.3-cp39-cp39-win32.whl", hash = "sha256:e3f1cd1cd65695b1540b3cf7828d05b3515974a9d7c7530f762ac40f58a18161"},
    {file = "coverage-7.0.3-cp39-cp39-win_amd64.whl", hash = "sha256:d8249666c23683f74f8f93aeaa8794ac87cc61c40ff70374a825f3352a4371dc"},
    {file = "coverage-7.0.3-pp37.pp38.pp39-none-any.whl", hash = "sha256:b1ffc8f58b81baed3f8962e28c30d99442079b82ce1ec836a1f67c0accad91c1"},
    {file = "coverage-7.0.3.tar.gz", hash = "sha256:d5be4e93acce64f516bf4fd239c0e6118fc913c93fa1a3f52d15bdcc60d97b2d"},
]

[package.dependencies]
tomli = {version = "*", optional = true, markers = "python_full_version <= \"3.11.0a6\" and extra == \"toml\""}

[package.extras]
toml = ["tomli"]

[[package]]
name = "exceptiongroup"
version = "1.0.2"
description = "Backport of PEP 654 (exception groups)"
category = "dev"
optional = false
python-versions = ">=3.7"
files = [
    {file = "exceptiongroup-1.0.2-py3-none-any.whl", hash = "sha256:c22f11ec6a10d2b453871c5c5fe887436c4d1961324ce9090f2ca6ddc4180c27"},
    {file = "exceptiongroup-1.0.2.tar.gz", hash = "sha256:a31cd183c3dea02e617aab5153588d5f7258a77b51f0ef41b3815ae8a0d0f695"},
]

[package.extras]
test = ["pytest (>=6)"]

[[package]]
name = "iniconfig"
version = "1.1.1"
description = "iniconfig: brain-dead simple config-ini parsing"
category = "dev"
optional = false
python-versions = "*"
files = [
    {file = "iniconfig-1.1.1-py2.py3-none-any.whl", hash = "sha256:011e24c64b7f47f6ebd835bb12a743f2fbe9a26d4cecaa7f53bc4f35ee9da8b3"},
    {file = "iniconfig-1.1.1.tar.gz", hash = "sha256:bc3af051d7d14b2ee5ef9969666def0cd1a000e121eaea580d4a313df4b37f32"},
]

[[package]]
name = "orjson"
version = "3.8.4"
description = "Fast, correct Python JSON library supporting dataclasses, datetimes, and numpy"
category = "main"
optional = false
python-versions = ">=3.7"
files = [
    {file = "orjson-3.8.4-cp310-cp310-macosx_10_7_x86_64.whl", hash = "sha256:94841c3418b818c8cda01ad632f0e740dad3a5bcbc38609f1fd163f4bd202ef9"},
    {file = "orjson-3.8.4-cp310-cp310-macosx_10_9_x86_64.macosx_11_0_arm64.macosx_10_9_universal2.whl", hash = "sha256:ffb9367d63a4c71cd0432fc5a4e295b0e89b061e90be9f5ff3ffca301ba2dd84"},
    {file = "orjson-3.8.4-cp310-cp310-manylinux_2_17_aarch64.manylinux2014_aarch64.whl", hash = "sha256:74c25f71a41a3a213bee02f496abbc9ebc7cb0c8d1e5c1a5ab77c87b427b3f07"},
    {file = "orjson-3.8.4-cp310-cp310-manylinux_2_17_armv7l.manylinux2014_armv7l.whl", hash = "sha256:30294eeb7417eca85572b64278f5c4fdd72049725d7d23da5042a61c1a2298c9"},
    {file = "orjson-3.8.4-cp310-cp310-manylinux_2_17_x86_64.manylinux2014_x86_64.whl", hash = "sha256:36257f254635da390a9d689214c4cec9ec4ea224c5e2bcdfe97d15a384695be5"},
    {file = "orjson-3.8.4-cp310-cp310-manylinux_2_28_x86_64.whl", hash = "sha256:170a041d0d967e348ab086f1c9765846658cb0e807abe98e8320f665b1c67e9b"},
    {file = "orjson-3.8.4-cp310-cp310-musllinux_1_1_aarch64.whl", hash = "sha256:38df475523ca0f3f88b871821a9fb1a1437dad7c637847e0e7378024c7654473"},
    {file = "orjson-3.8.4-cp310-cp310-musllinux_1_1_x86_64.whl", hash = "sha256:54ade013afcda2f32f98227f0eb3dba4267c6efe7a8abd93bfec6d7af2546370"},
    {file = "orjson-3.8.4-cp310-none-win_amd64.whl", hash = "sha256:b0a8273ebcf363042e7847faaf67f92178aceb3476e374da5432f9e6772c7a80"},
    {file = "orjson-3.8.4-cp311-cp311-macosx_10_7_x86_64.whl", hash = "sha256:4c3c3571118371a5b88a89a0a157b4e98827d3a540c3f683c59d80e71f66195d"},
    {file = "orjson-3.8.4-cp311-cp311-macosx_10_9_x86_64.macosx_11_0_arm64.macosx_10_9_universal2.whl", hash = "sha256:86f71f2abc24b79e74a13f8d4eebb7d03cad43d6a46e2cad6fd5891423f84773"},
    {file = "orjson-3.8.4-cp311-cp311-manylinux_2_17_aarch64.manylinux2014_aarch64.whl", hash = "sha256:1bff66b99ce8ba3d3b39ce10f27a848b3b68d80f64d77b8118d4648fafd2f964"},
    {file = "orjson-3.8.4-cp311-cp311-manylinux_2_17_armv7l.manylinux2014_armv7l.whl", hash = "sha256:49c59a728510a6ef20de59f6262d1415108b323996634d263e4d0d613994fc13"},
    {file = "orjson-3.8.4-cp311-cp311-manylinux_2_17_x86_64.manylinux2014_x86_64.whl", hash = "sha256:27225338f24a6906d254c4b8b3849135af758af55ae1f43e5ccbebcf2097628a"},
    {file = "orjson-3.8.4-cp311-cp311-manylinux_2_28_x86_64.whl", hash = "sha256:0c42fc0ed3f12bc7d0fd61a26899a8ac32deb6622289110b6d7f4d60d47dcff3"},
    {file = "orjson-3.8.4-cp311-none-win_amd64.whl", hash = "sha256:ad6d533ab9ef8b141d6749e7591ee3a3195037c217818e3b3351df1468efc012"},
    {file = "orjson-3.8.4-cp37-cp37m-macosx_10_7_x86_64.whl", hash = "sha256:654e219ace2c942f9d8f3a69935991f8c88efb4a85b074ba917960c800a1e5c8"},
    {file = "orjson-3.8.4-cp37-cp37m-macosx_10_9_x86_64.macosx_11_0_arm64.macosx_10_9_universal2.whl", hash = "sha256:0b57cc7a94b133140c85c3873d22e7a1f8e0d2489619a7e2e8640f9a9edfbc29"},
    {file = "orjson-3.8.4-cp37-cp37m-manylinux_2_17_aarch64.manylinux2014_aarch64.whl", hash = "sha256:447a4c95f849872ac9af137153e8748b3b35d199c03a3bc618da6a3a23681f96"},
    {file = "orjson-3.8.4-cp37-cp37m-manylinux_2_17_armv7l.manylinux2014_armv7l.whl", hash = "sha256:5d47002a88f60a35901925d4085a313647229950d2818044520eb0e30fc9447b"},
    {file = "orjson-3.8.4-cp37-cp37m-manylinux_2_17_x86_64.manylinux2014_x86_64.whl", hash = "sha256:e26422430227e2a8a6d07daee5390fb6510ce67f2b45a1016595e0ca8fb9515b"},
    {file = "orjson-3.8.4-cp37-cp37m-manylinux_2_28_x86_64.whl", hash = "sha256:77034415ceb563d38b5aa9713b8945faed7a5ddf5553a5e0831cee362b81e0b2"},
    {file = "orjson-3.8.4-cp37-cp37m-musllinux_1_1_aarch64.whl", hash = "sha256:486ecbd6548232ee4d533effcd4dbf5cfc547738ce1791f6204e949f1214c0a0"},
    {file = "orjson-3.8.4-cp37-cp37m-musllinux_1_1_x86_64.whl", hash = "sha256:b68f2f7f61b2f85623e0cd02eea04ab358cba9a01370fa8f2e96f1b2b83705b7"},
    {file = "orjson-3.8.4-cp37-none-win_amd64.whl", hash = "sha256:8b18925638936104e1c2bdc555b508733ef83c4c9ac96c5ec6666af6df12c22d"},
    {file = "orjson-3.8.4-cp38-cp38-macosx_10_7_x86_64.whl", hash = "sha256:c834eed62fd184d8c0a707f7d1dbaf57815c4865091bfc220182c83321c773f5"},
    {file = "orjson-3.8.4-cp38-cp38-macosx_10_9_x86_64.macosx_11_0_arm64.macosx_10_9_universal2.whl", hash = "sha256:6b07c1d76db95706e78e904f2329796d0c26ffed5eaea7a1be753ef7032c30dc"},
    {file = "orjson-3.8.4-cp38-cp38-manylinux_2_17_aarch64.manylinux2014_aarch64.whl", hash = "sha256:3cb431a8168510458fa9d3a1a3ed8f56909187db953138080e8c8ef44484adde"},
    {file = "orjson-3.8.4-cp38-cp38-manylinux_2_17_armv7l.manylinux2014_armv7l.whl", hash = "sha256:64d60e21096de30101348de25f20c516289365c056d0987ec76c74f5073af122"},
    {file = "orjson-3.8.4-cp38-cp38-manylinux_2_17_x86_64.manylinux2014_x86_64.whl", hash = "sha256:ceabb527e0641ff23d5ed89f3d9c22f3df2cbe967547d28ea7fdc09c3de1168d"},
    {file = "orjson-3.8.4-cp38-cp38-manylinux_2_28_x86_64.whl", hash = "sha256:16a00f10321b4afacd8ecbe239e4ac8c6a77eb442caeffb638c9a49a653dfa2c"},
    {file = "orjson-3.8.4-cp38-cp38-musllinux_1_1_aarch64.whl", hash = "sha256:e9c0fb49362e79e3db158b8d307ff53adb4a5bd2706e1a4372393a4d661000fb"},
    {file = "orjson-3.8.4-cp38-cp38-musllinux_1_1_x86_64.whl", hash = "sha256:e7f72c7a810977b94d0411a5edf3b0eab7bc5763089ad0a0d639e49f651a0d91"},
    {file = "orjson-3.8.4-cp38-none-win_amd64.whl", hash = "sha256:2e6b088d6a1700fad0ce18715ec309bb7efc8ec6275413e1495261a3bbfbc17a"},
    {file = "orjson-3.8.4-cp39-cp39-macosx_10_7_x86_64.whl", hash = "sha256:5d618f30784321361927a65a6da484ef6da218f62c594987bd4b79f97df55036"},
    {file = "orjson-3.8.4-cp39-cp39-macosx_10_9_x86_64.macosx_11_0_arm64.macosx_10_9_universal2.whl", hash = "sha256:42aee49489de6aa3e9b3280c9a124d2f4a984be7a714cd8b13b27634af817521"},
    {file = "orjson-3.8.4-cp39-cp39-manylinux_2_17_aarch64.manylinux2014_aarch64.whl", hash = "sha256:31f919b370159b3d0c3f38844d66545a4520bc2652c32b9127d02e94f107247e"},
    {file = "orjson-3.8.4-cp39-cp39-manylinux_2_17_armv7l.manylinux2014_armv7l.whl", hash = "sha256:5fd174091a24a5ded94eaa141b1c989ce9dd6a7af8eadd525ef93dc5849cb48e"},
    {file = "orjson-3.8.4-cp39-cp39-manylinux_2_17_x86_64.manylinux2014_x86_64.whl", hash = "sha256:e030e8e50e908a7f8ba02b69c5692e30d9687ad184f0b75bfd8cd57df695093a"},
    {file = "orjson-3.8.4-cp39-cp39-manylinux_2_28_x86_64.whl", hash = "sha256:22b4c6066c1906b8d2a88cec8e8dc138ba2e08b17971419672734ca3ddab1995"},
    {file = "orjson-3.8.4-cp39-cp39-musllinux_1_1_aarch64.whl", hash = "sha256:90ea42189d81dea219dfda58374e2d9f07e1d17052fa33ade07441e5e50d62d2"},
    {file = "orjson-3.8.4-cp39-cp39-musllinux_1_1_x86_64.whl", hash = "sha256:53cc5be7c5c60d7583d71144bdb77171183f015b755ad5ab4a248fc03e61dad7"},
    {file = "orjson-3.8.4-cp39-none-win_amd64.whl", hash = "sha256:c2664d39fa599beb70afe8aa92c7ca905207a0b0aeb7597c038cb42394bd1a0e"},
    {file = "orjson-3.8.4.tar.gz", hash = "sha256:9dcb8d788254936de2791d6d2c29bc41a3dc2c9d9cb4f01c06c0e6d424844593"},
]

[[package]]
name = "packaging"
version = "21.3"
description = "Core utilities for Python packages"
category = "dev"
optional = false
python-versions = ">=3.6"
files = [
    {file = "packaging-21.3-py3-none-any.whl", hash = "sha256:ef103e05f519cdc783ae24ea4e2e0f508a9c99b2d4969652eed6a2e1ea5bd522"},
    {file = "packaging-21.3.tar.gz", hash = "sha256:dd47c42927d89ab911e606518907cc2d3a1f38bbd026385970643f9c5b8ecfeb"},
]

[package.dependencies]
pyparsing = ">=2.0.2,<3.0.5 || >3.0.5"

[[package]]
name = "path-dict"
version = "3.0.4"
description = "Extends Python's dict with useful extras"
category = "dev"
optional = false
python-versions = ">=3.8,<4.0"
files = [
    {file = "path_dict-3.0.4-py3-none-any.whl", hash = "sha256:797a3ed0bff0051e22c71f909c9fdafe86e811fe0d64a67b4b90d4a88cd309ef"},
    {file = "path_dict-3.0.4.tar.gz", hash = "sha256:e38086078f7b10697dfecab55e5415bed447604dd9f9eebae4da81f23f2a5eb0"},
]

[[package]]
name = "pluggy"
version = "1.0.0"
description = "plugin and hook calling mechanisms for python"
category = "dev"
optional = false
python-versions = ">=3.6"
files = [
    {file = "pluggy-1.0.0-py2.py3-none-any.whl", hash = "sha256:74134bbf457f031a36d68416e1509f34bd5ccc019f0bcc952c7b909d06b37bd3"},
    {file = "pluggy-1.0.0.tar.gz", hash = "sha256:4224373bacce55f955a878bf9cfa763c1e360858e330072059e10bad68531159"},
]

[package.extras]
dev = ["pre-commit", "tox"]
testing = ["pytest", "pytest-benchmark"]

[[package]]
name = "pycodestyle"
version = "2.10.0"
description = "Python style guide checker"
category = "dev"
optional = false
python-versions = ">=3.6"
files = [
    {file = "pycodestyle-2.10.0-py2.py3-none-any.whl", hash = "sha256:8a4eaf0d0495c7395bdab3589ac2db602797d76207242c17d470186815706610"},
    {file = "pycodestyle-2.10.0.tar.gz", hash = "sha256:347187bdb476329d98f695c213d7295a846d1152ff4fe9bacb8a9590b8ee7053"},
]

[[package]]
name = "pyinstrument"
version = "4.4.0"
description = "Call stack profiler for Python. Shows you why your code is slow!"
category = "dev"
optional = false
python-versions = ">=3.7"
files = [
    {file = "pyinstrument-4.4.0-cp310-cp310-macosx_10_9_universal2.whl", hash = "sha256:8874f8f58cfcb1ff134dc8e4a2b31ab9175adb271a4423596ed7ac8183592cf8"},
    {file = "pyinstrument-4.4.0-cp310-cp310-macosx_10_9_x86_64.whl", hash = "sha256:e5f4d6e1c395f259f67a923a9c54dc3eaccd5f02540598da4f865c4bb3545762"},
    {file = "pyinstrument-4.4.0-cp310-cp310-manylinux_2_17_aarch64.manylinux2014_aarch64.whl", hash = "sha256:d70fed48ddd0078e287fb580daaeede4d8703a9edc8bf4f703308a77920bac37"},
    {file = "pyinstrument-4.4.0-cp310-cp310-manylinux_2_5_i686.manylinux1_i686.manylinux_2_17_i686.manylinux2014_i686.whl", hash = "sha256:9fda1bd596e81ecd2b6a976eb9b930a757a5dd04071583d0141d059e34eed83f"},
    {file = "pyinstrument-4.4.0-cp310-cp310-manylinux_2_5_x86_64.manylinux1_x86_64.manylinux_2_17_x86_64.manylinux2014_x86_64.whl", hash = "sha256:2f57b61d39d3b1a4d773da16baa8456aa66102d6016ce1f39817051550cbe47e"},
    {file = "pyinstrument-4.4.0-cp310-cp310-musllinux_1_1_aarch64.whl", hash = "sha256:5a9aead0ca5579473f66fed4c449c693feee464802b5ba9b98772e64e02c575c"},
    {file = "pyinstrument-4.4.0-cp310-cp310-musllinux_1_1_i686.whl", hash = "sha256:375a340c3fbebd922a35b0834de1c82d1b4fea681df49f99729439a6cb5e6ad4"},
    {file = "pyinstrument-4.4.0-cp310-cp310-musllinux_1_1_x86_64.whl", hash = "sha256:b9cbaf3bcda5ad9af4c9a7bf4f1b8f15bb32c4cadf554d0a2c723892c898021b"},
    {file = "pyinstrument-4.4.0-cp310-cp310-win32.whl", hash = "sha256:97cbeb5f5a048dc6eb047495f73db90c9e2ec97606e65298c7ea2c61fa52de38"},
    {file = "pyinstrument-4.4.0-cp310-cp310-win_amd64.whl", hash = "sha256:73edbce7fda1b3d8cab0b6c39c43b012167d783c072f40928600c3357d1a5dc5"},
    {file = "pyinstrument-4.4.0-cp311-cp311-macosx_10_9_universal2.whl", hash = "sha256:7db8cb55182883be48520eb915bd1769f176a4813ce0cc38243aa2d1182e7ce7"},
    {file = "pyinstrument-4.4.0-cp311-cp311-macosx_10_9_x86_64.whl", hash = "sha256:7c614e2c241fb558a25973019ff43ce027ba4958bcb87383f0b0789af9c4d03b"},
    {file = "pyinstrument-4.4.0-cp311-cp311-manylinux_2_17_aarch64.manylinux2014_aarch64.whl", hash = "sha256:3c012422c851f0457c3cb82d8b1259d96fa0dcddc0f1e8bf4d97f0b2efe54485"},
    {file = "pyinstrument-4.4.0-cp311-cp311-manylinux_2_5_i686.manylinux1_i686.manylinux_2_17_i686.manylinux2014_i686.whl", hash = "sha256:e4f5ad100710dda68f9f345961780bf4f0cbb9fd3e46295d099bb9ad65b179ea"},
    {file = "pyinstrument-4.4.0-cp311-cp311-manylinux_2_5_x86_64.manylinux1_x86_64.manylinux_2_17_x86_64.manylinux2014_x86_64.whl", hash = "sha256:9a4a053cd67102c6fcc313366ea6be97cfce7eae2b9e57e62c9be8adbbdebc17"},
    {file = "pyinstrument-4.4.0-cp311-cp311-musllinux_1_1_aarch64.whl", hash = "sha256:1d2a1e53615c8ef210286e4d2d93be0d3e8296995b090df29a0b7ddeae5d874b"},
    {file = "pyinstrument-4.4.0-cp311-cp311-musllinux_1_1_i686.whl", hash = "sha256:b2a6609ef74ad8ba292a11fbd975660bc86466c7eaab1ff11360d24e0300800b"},
    {file = "pyinstrument-4.4.0-cp311-cp311-musllinux_1_1_x86_64.whl", hash = "sha256:3643084ee8ad22d9ea2adb13d65d4b6e18810113e4176b19d026a011957f8c7c"},
    {file = "pyinstrument-4.4.0-cp311-cp311-win32.whl", hash = "sha256:fcd717910a8ab6deca353aded890403bbaea14a6dd99a87c3367f24721d2d6aa"},
    {file = "pyinstrument-4.4.0-cp311-cp311-win_amd64.whl", hash = "sha256:be9ac54a4dd07d969d5941e4dcba67d5aef5f6826f43b9ddda65553816f6abca"},
    {file = "pyinstrument-4.4.0-cp37-cp37m-macosx_10_9_x86_64.whl", hash = "sha256:39584c0fec147e3bbfa7b28454332f9801af5f93331f4143f24a4b0f9e3cb470"},
    {file = "pyinstrument-4.4.0-cp37-cp37m-manylinux_2_17_aarch64.manylinux2014_aarch64.whl", hash = "sha256:5491a5cb3ae5e88436d48b4b3de8328286e843e7307116dc2cca397c9c2ffe21"},
    {file = "pyinstrument-4.4.0-cp37-cp37m-manylinux_2_5_i686.manylinux1_i686.manylinux_2_17_i686.manylinux2014_i686.whl", hash = "sha256:d66fcc94f0ebaab6bcbbdfa2482f833dd634352a20295616ea45286e990f7446"},
    {file = "pyinstrument-4.4.0-cp37-cp37m-manylinux_2_5_x86_64.manylinux1_x86_64.manylinux_2_17_x86_64.manylinux2014_x86_64.whl", hash = "sha256:b72bde0b1a03d1b2dc9b9d79546f551df6f67673cca816614e98ea0aebd3bc50"},
    {file = "pyinstrument-4.4.0-cp37-cp37m-musllinux_1_1_aarch64.whl", hash = "sha256:0bbd169b92147ec5d67ed160c300dda504059cfd81e953ed5b059e8ef92bb482"},
    {file = "pyinstrument-4.4.0-cp37-cp37m-musllinux_1_1_i686.whl", hash = "sha256:e5233022ba511ef7ecfef2e07d162c0817048c995f0940f9aa2f6a1936afcb9c"},
    {file = "pyinstrument-4.4.0-cp37-cp37m-musllinux_1_1_x86_64.whl", hash = "sha256:5e750fc3afb9acc288ad84b183a5ccd863e9185c435b445fcc62e0c133af9b7f"},
    {file = "pyinstrument-4.4.0-cp37-cp37m-win32.whl", hash = "sha256:2d131b98f116fb895d759dfb8c1078e0e9fa8987a9f44f566d29221545f75bd4"},
    {file = "pyinstrument-4.4.0-cp37-cp37m-win_amd64.whl", hash = "sha256:de83152bafc9eed4e5469e340b6002be825151f0654c32bbb9a3a7e31708d227"},
    {file = "pyinstrument-4.4.0-cp38-cp38-macosx_10_9_universal2.whl", hash = "sha256:a7c774c4b8df21664b082d3e72fa8cbc0631fe9bb222bb9d285ccfe9cd9b4909"},
    {file = "pyinstrument-4.4.0-cp38-cp38-macosx_10_9_x86_64.whl", hash = "sha256:7526f0b1dab721ddc19920fa1f4eeaa5bcb658a4d18ac9c50868e84f911f794b"},
    {file = "pyinstrument-4.4.0-cp38-cp38-manylinux_2_17_aarch64.manylinux2014_aarch64.whl", hash = "sha256:59f5f479db277b3dbeb0c6843a7e9a38ee8b7c23d75b9ef764d96cb522d96212"},
    {file = "pyinstrument-4.4.0-cp38-cp38-manylinux_2_5_i686.manylinux1_i686.manylinux_2_17_i686.manylinux2014_i686.whl", hash = "sha256:ffeeaa0d036a8bef31da6fc13c4ea097160f913d86319897314113bb9271af4c"},
    {file = "pyinstrument-4.4.0-cp38-cp38-manylinux_2_5_x86_64.manylinux1_x86_64.manylinux_2_17_x86_64.manylinux2014_x86_64.whl", hash = "sha256:bfc4e2fd670a570ea847f6897283d10d4b9606170e491f01b75488ed1aa37a81"},
    {file = "pyinstrument-4.4.0-cp38-cp38-musllinux_1_1_aarch64.whl", hash = "sha256:ffd9a9fa73fd83a40252430c6ebf8dfff7c668cc68eab4a92562b8b27c302598"},
    {file = "pyinstrument-4.4.0-cp38-cp38-musllinux_1_1_i686.whl", hash = "sha256:09167ece8802bc03a63e97536dcefd9c1a340dae686f40914cf995099bc0d0af"},
    {file = "pyinstrument-4.4.0-cp38-cp38-musllinux_1_1_x86_64.whl", hash = "sha256:9e7d1cc3affef4a7e4695bb87c6cfcd577e2dac508624a91481f24217ef78c57"},
    {file = "pyinstrument-4.4.0-cp38-cp38-win32.whl", hash = "sha256:b50cf50513a5318738c3c7147f02596cda4891089acf2f627bb65954fc5bcbfd"},
    {file = "pyinstrument-4.4.0-cp38-cp38-win_amd64.whl", hash = "sha256:dd9625cf136eb6684d9ca555a5088f21a7ac6c6cb2ece3ae45d09772906ceba8"},
    {file = "pyinstrument-4.4.0-cp39-cp39-macosx_10_9_universal2.whl", hash = "sha256:a8afee175335005d2964848b77579bfc18f011ea74b59b79ab6d5b35433bf3e3"},
    {file = "pyinstrument-4.4.0-cp39-cp39-macosx_10_9_x86_64.whl", hash = "sha256:ebc63b70845e3a44b673f7dcdc78ac2c475684db41b0402eea370f194da2a287"},
    {file = "pyinstrument-4.4.0-cp39-cp39-manylinux_2_17_aarch64.manylinux2014_aarch64.whl", hash = "sha256:bb89033e41e74dc2ac4fd882269e91ddf677588efa665d2be8b718e96ea4cec6"},
    {file = "pyinstrument-4.4.0-cp39-cp39-manylinux_2_5_i686.manylinux1_i686.manylinux_2_17_i686.manylinux2014_i686.whl", hash = "sha256:9b2bcd803d273c8addf01eaf75a42ae0a2a9196a58fb0ebb8d29be75abb88701"},
    {file = "pyinstrument-4.4.0-cp39-cp39-manylinux_2_5_x86_64.manylinux1_x86_64.manylinux_2_17_x86_64.manylinux2014_x86_64.whl", hash = "sha256:50727b686a0961a11eba2fe6205d0899f3479c983bcf34abb114d6da70bc1b93"},
    {file = "pyinstrument-4.4.0-cp39-cp39-musllinux_1_1_aarch64.whl", hash = "sha256:4f07941bb5dd5cd730fc84eef6497ef9f0807c686e68d0c6b1f464589646a3b7"},
    {file = "pyinstrument-4.4.0-cp39-cp39-musllinux_1_1_i686.whl", hash = "sha256:30f5ce299c3219559870117c5b0825f33243808be375be9c3525572ba050c2db"},
    {file = "pyinstrument-4.4.0-cp39-cp39-musllinux_1_1_x86_64.whl", hash = "sha256:9a13c75b24bf8eed5a4356ffa8a419cc534284a529f2b314f3e10275a820420f"},
    {file = "pyinstrument-4.4.0-cp39-cp39-win32.whl", hash = "sha256:e5583b0d23f87631af06bb9f3c184190c889c194b02553eed132de966324bdf9"},
    {file = "pyinstrument-4.4.0-cp39-cp39-win_amd64.whl", hash = "sha256:a19784a898133b7e0ffe4489155bacd2d07ec48ea059f9bf50033dc2b814c273"},
    {file = "pyinstrument-4.4.0.tar.gz", hash = "sha256:be34a2e8118c14a616a64538e02430d9099d5d67d8a370f2888e4ac71e52bbb7"},
]

[package.extras]
jupyter = ["ipython"]

[[package]]
name = "pyparsing"
version = "3.0.9"
description = "pyparsing module - Classes and methods to define and execute parsing grammars"
category = "dev"
optional = false
python-versions = ">=3.6.8"
files = [
    {file = "pyparsing-3.0.9-py3-none-any.whl", hash = "sha256:5026bae9a10eeaefb61dab2f09052b9f4307d44aee4eda64b309723d8d206bbc"},
    {file = "pyparsing-3.0.9.tar.gz", hash = "sha256:2b020ecf7d21b687f219b71ecad3631f644a47f01403fa1d1036b0c6416d70fb"},
]

[package.extras]
diagrams = ["jinja2", "railroad-diagrams"]

[[package]]
name = "pytest"
version = "7.2.0"
description = "pytest: simple powerful testing with Python"
category = "dev"
optional = false
python-versions = ">=3.7"
files = [
    {file = "pytest-7.2.0-py3-none-any.whl", hash = "sha256:892f933d339f068883b6fd5a459f03d85bfcb355e4981e146d2c7616c21fef71"},
    {file = "pytest-7.2.0.tar.gz", hash = "sha256:c4014eb40e10f11f355ad4e3c2fb2c6c6d1919c73f3b5a433de4708202cade59"},
]

[package.dependencies]
attrs = ">=19.2.0"
colorama = {version = "*", markers = "sys_platform == \"win32\""}
exceptiongroup = {version = ">=1.0.0rc8", markers = "python_version < \"3.11\""}
iniconfig = "*"
packaging = "*"
pluggy = ">=0.12,<2.0"
tomli = {version = ">=1.0.0", markers = "python_version < \"3.11\""}

[package.extras]
testing = ["argcomplete", "hypothesis (>=3.56)", "mock", "nose", "pygments (>=2.7.2)", "requests", "xmlschema"]

[[package]]
name = "pytest-cov"
version = "4.0.0"
description = "Pytest plugin for measuring coverage."
category = "dev"
optional = false
python-versions = ">=3.6"
files = [
    {file = "pytest-cov-4.0.0.tar.gz", hash = "sha256:996b79efde6433cdbd0088872dbc5fb3ed7fe1578b68cdbba634f14bb8dd0470"},
    {file = "pytest_cov-4.0.0-py3-none-any.whl", hash = "sha256:2feb1b751d66a8bd934e5edfa2e961d11309dc37b73b0eabe73b5945fee20f6b"},
]

[package.dependencies]
coverage = {version = ">=5.2.1", extras = ["toml"]}
pytest = ">=4.6"

[package.extras]
testing = ["fields", "hunter", "process-tests", "pytest-xdist", "six", "virtualenv"]

[[package]]
name = "super-py"
version = "0.4.4"
description = "Features that Python should have in the standard library"
category = "dev"
optional = false
python-versions = ">=3.8,<4.0"
files = [
    {file = "super-py-0.4.4.tar.gz", hash = "sha256:25480917cd2767ac22fe1471535bb3807274ffbcb56e3998de91abb6cedb0700"},
    {file = "super_py-0.4.4-py3-none-any.whl", hash = "sha256:76887ef89e550fc5ba2697e439ceb402478e9c1afd44f1c64040c304cd99d32a"},
]

[[package]]
name = "tomli"
version = "2.0.1"
description = "A lil' TOML parser"
category = "dev"
optional = false
python-versions = ">=3.7"
files = [
    {file = "tomli-2.0.1-py3-none-any.whl", hash = "sha256:939de3e7a6161af0c887ef91b7d41a53e7c5a1ca976325f429cb46ea9bc30ecc"},
    {file = "tomli-2.0.1.tar.gz", hash = "sha256:de526c12914f0c550d15924c62d72abc48d6fe7364aa87328337a31007fe8a4f"},
]

[metadata]
lock-version = "2.0"
python-versions = "^3.8"
content-hash = "fe2e92af093329b60245d13c0867c06024334618ca780a57b4f2a8de24b00b60"
